
Microsoft Visual Studio Solution File, Format Version 12.00
# Visual Studio Version 16
VisualStudioVersion = 16.0.30225.117
MinimumVisualStudioVersion = 10.0.40219.1
Project("{FAE04EC0-301F-11D3-BF4B-00C04F79EFBC}") = "FizzBuzz", "FizzBuzz\FizzBuzz.csproj", "{DC4BE53D-4B6F-4D8B-B033-8493660A1399}"
EndProject
Project("{FAE04EC0-301F-11D3-BF4B-00C04F79EFBC}") = "FizzBuzzTests", "FizzBuzzTests\FizzBuzzTests.csproj", "{04DED693-5843-4465-A5E6-4669D7853BCC}"
EndProject
Global
	GlobalSection(SolutionConfigurationPlatforms) = preSolution
		Debug|Any CPU = Debug|Any CPU
		Release|Any CPU = Release|Any CPU
	EndGlobalSection
	GlobalSection(ProjectConfigurationPlatforms) = postSolution
		{DC4BE53D-4B6F-4D8B-B033-8493660A1399}.Debug|Any CPU.ActiveCfg = Debug|Any CPU
		{DC4BE53D-4B6F-4D8B-B033-8493660A1399}.Debug|Any CPU.Build.0 = Debug|Any CPU
		{DC4BE53D-4B6F-4D8B-B033-8493660A1399}.Release|Any CPU.ActiveCfg = Release|Any CPU
		{DC4BE53D-4B6F-4D8B-B033-8493660A1399}.Release|Any CPU.Build.0 = Release|Any CPU
		{04DED693-5843-4465-A5E6-4669D7853BCC}.Debug|Any CPU.ActiveCfg = Debug|Any CPU
		{04DED693-5843-4465-A5E6-4669D7853BCC}.Debug|Any CPU.Build.0 = Debug|Any CPU
		{04DED693-5843-4465-A5E6-4669D7853BCC}.Release|Any CPU.ActiveCfg = Release|Any CPU
		{04DED693-5843-4465-A5E6-4669D7853BCC}.Release|Any CPU.Build.0 = Release|Any CPU
	EndGlobalSection
	GlobalSection(SolutionProperties) = preSolution
		HideSolutionNode = FALSE
	EndGlobalSection
	GlobalSection(ExtensibilityGlobals) = postSolution
		SolutionGuid = {EC415DF7-0947-43EC-9D4E-21DDFE0ACDF5}
	EndGlobalSection
EndGlobal
